{"version":4,"terraform_version":"1.9.1","serial":9,"lineage":"7c05df86-8017-4e2c-cfe1-56ba9b5f96c0","outputs":{},"resources":[{"mode":"managed","type":"proxmox_vm_qemu","name":"matrix_01","provider":"provider[\"registry.opentofu.org/telmate/proxmox\"]","instances":[{"schema_version":0,"attributes":{"additional_wait":5,"agent":1,"agent_timeout":90,"args":"","automatic_reboot":true,"balloon":0,"bios":"seabios","boot":"c","bootdisk":"","ci_wait":null,"cicustom":null,"cipassword":"","ciupgrade":false,"ciuser":"mike","clone":"ubuntu-server-24-noble","clone_id":null,"clone_wait":10,"cores":2,"cpu":[],"cpu_type":"x86-64-v4","current_node":"matrix","default_ipv4_address":"10.69.5.1","default_ipv6_address":"","define_connection_info":true,"desc":"CICD Ubuntu Server 24","disk":[],"disks":[{"ide":[{"ide0":[{"cdrom":[],"cloudinit":[{"storage":"local-zfs"}],"disk":[],"ignore":false,"passthrough":[]}],"ide1":[],"ide2":[],"ide3":[]}],"sata":[],"scsi":[],"virtio":[{"virtio0":[{"cdrom":[],"disk":[{"asyncio":"","backup":true,"cache":"","discard":false,"format":"raw","id":0,"iops_r_burst":0,"iops_r_burst_length":0,"iops_r_concurrent":0,"iops_wr_burst":0,"iops_wr_burst_length":0,"iops_wr_concurrent":0,"iothread":true,"linked_disk_id":-1,"mbps_r_burst":0,"mbps_r_concurrent":0,"mbps_wr_burst":0,"mbps_wr_concurrent":0,"readonly":false,"replicate":true,"serial":"","size":"80G","storage":"local-zfs","wwn":""}],"ignore":false,"passthrough":[]}],"virtio1":[],"virtio10":[],"virtio11":[],"virtio12":[],"virtio13":[],"virtio14":[],"virtio15":[],"virtio2":[],"virtio3":[],"virtio4":[],"virtio5":[],"virtio6":[],"virtio7":[],"virtio8":[],"virtio9":[]}]}],"efidisk":[],"force_create":false,"force_recreate_on_change_of":null,"full_clone":true,"hagroup":"","hastate":"","hostpci":[],"hotplug":"network,disk,usb","id":"matrix/qemu/101","ipconfig0":"ip=10.69.5.1/16,gw=10.69.0.1","ipconfig1":null,"ipconfig10":null,"ipconfig11":null,"ipconfig12":null,"ipconfig13":null,"ipconfig14":null,"ipconfig15":null,"ipconfig2":null,"ipconfig3":null,"ipconfig4":null,"ipconfig5":null,"ipconfig6":null,"ipconfig7":null,"ipconfig8":null,"ipconfig9":null,"kvm":true,"linked_vmid":0,"machine":"q35","memory":16384,"name":"matrix-01","nameserver":"10.69.0.1","network":[{"bridge":"vmbr0","firewall":false,"id":0,"link_down":false,"macaddr":"bc:24:11:ab:06:72","model":"virtio","mtu":0,"queues":0,"rate":0,"tag":0}],"numa":false,"onboot":true,"os_network_config":null,"os_type":"cloud-init","pci":[],"pcis":[],"pool":"","protection":false,"pxe":null,"qemu_os":"other","reboot_required":false,"scsihw":"virtio-scsi-single","searchdomain":"","serial":[],"skip_ipv4":false,"skip_ipv6":false,"smbios":[{"family":"","manufacturer":"","product":"","serial":"","sku":"","uuid":"96c2f5af-380e-4615-8f2a-b3eabfa27dea","version":""}],"sockets":1,"ssh_forward_ip":null,"ssh_host":"10.69.5.1","ssh_port":"22","ssh_private_key":null,"ssh_user":null,"sshkeys":"ssh-ed25519 AAAAC3NzaC1lZDI1NTE5AAAAILLLV9ehqs+sUZlER6k/MWjkdF6vQQ/Kein3agLuqcU3 miguelsilva5989@gmail.com\n","startup":"","tablet":true,"tags":"","target_node":"matrix","target_nodes":null,"timeouts":null,"tpm_state":[],"unused_disk":[],"usb":[],"usbs":[],"vcpus":null,"vga":[],"vm_state":"running","vmid":101},"sensitive_attributes":[[{"type":"get_attr","value":"cipassword"}],[{"type":"get_attr","value":"ssh_private_key"}]],"private":"eyJlMmJmYjczMC1lY2FhLTExZTYtOGY4OC0zNDM2M2JjN2M0YzAiOnsiY3JlYXRlIjoxMjAwMDAwMDAwMDAwLCJkZWZhdWx0IjoxMjAwMDAwMDAwMDAwLCJkZWxldGUiOjEyMDAwMDAwMDAwMDAsInJlYWQiOjEyMDAwMDAwMDAwMDAsInVwZGF0ZSI6MTIwMDAwMDAwMDAwMH19"}]},{"mode":"managed","type":"proxmox_vm_qemu","name":"matrix_02","provider":"provider[\"registry.opentofu.org/telmate/proxmox\"]","instances":[{"schema_version":0,"attributes":{"additional_wait":5,"agent":1,"agent_timeout":90,"args":"","automatic_reboot":true,"balloon":0,"bios":"seabios","boot":"c","bootdisk":"","ci_wait":null,"cicustom":null,"cipassword":"","ciupgrade":false,"ciuser":"mike","clone":"ubuntu-server-24-noble","clone_id":null,"clone_wait":10,"cores":2,"cpu":[],"cpu_type":"x86-64-v4","current_node":"matrix","default_ipv4_address":"10.69.5.2","default_ipv6_address":"","define_connection_info":true,"desc":"CICD Ubuntu Server 24","disk":[],"disks":[{"ide":[{"ide0":[{"cdrom":[],"cloudinit":[{"storage":"local-zfs"}],"disk":[],"ignore":false,"passthrough":[]}],"ide1":[],"ide2":[],"ide3":[]}],"sata":[],"scsi":[],"virtio":[{"virtio0":[{"cdrom":[],"disk":[{"asyncio":"","backup":true,"cache":"","discard":false,"format":"raw","id":0,"iops_r_burst":0,"iops_r_burst_length":0,"iops_r_concurrent":0,"iops_wr_burst":0,"iops_wr_burst_length":0,"iops_wr_concurrent":0,"iothread":true,"linked_disk_id":-1,"mbps_r_burst":0,"mbps_r_concurrent":0,"mbps_wr_burst":0,"mbps_wr_concurrent":0,"readonly":false,"replicate":true,"serial":"","size":"80G","storage":"local-zfs","wwn":""}],"ignore":false,"passthrough":[]}],"virtio1":[],"virtio10":[],"virtio11":[],"virtio12":[],"virtio13":[],"virtio14":[],"virtio15":[],"virtio2":[],"virtio3":[],"virtio4":[],"virtio5":[],"virtio6":[],"virtio7":[],"virtio8":[],"virtio9":[]}]}],"efidisk":[],"force_create":false,"force_recreate_on_change_of":null,"full_clone":true,"hagroup":"","hastate":"","hostpci":[],"hotplug":"network,disk,usb","id":"matrix/qemu/102","ipconfig0":"ip=10.69.5.2/16,gw=10.69.0.1","ipconfig1":null,"ipconfig10":null,"ipconfig11":null,"ipconfig12":null,"ipconfig13":null,"ipconfig14":null,"ipconfig15":null,"ipconfig2":null,"ipconfig3":null,"ipconfig4":null,"ipconfig5":null,"ipconfig6":null,"ipconfig7":null,"ipconfig8":null,"ipconfig9":null,"kvm":true,"linked_vmid":0,"machine":"q35","memory":16384,"name":"matrix-02","nameserver":"10.69.0.1","network":[{"bridge":"vmbr0","firewall":false,"id":0,"link_down":false,"macaddr":"bc:24:11:57:ba:fb","model":"virtio","mtu":0,"queues":0,"rate":0,"tag":0}],"numa":false,"onboot":true,"os_network_config":null,"os_type":"cloud-init","pci":[],"pcis":[],"pool":"","protection":false,"pxe":null,"qemu_os":"other","reboot_required":false,"scsihw":"virtio-scsi-single","searchdomain":"","serial":[],"skip_ipv4":false,"skip_ipv6":false,"smbios":[{"family":"","manufacturer":"","product":"","serial":"","sku":"","uuid":"5351a4f9-07fa-409f-a13b-acbb80969dbb","version":""}],"sockets":1,"ssh_forward_ip":null,"ssh_host":"10.69.5.2","ssh_port":"22","ssh_private_key":null,"ssh_user":null,"sshkeys":"ssh-ed25519 AAAAC3NzaC1lZDI1NTE5AAAAILLLV9ehqs+sUZlER6k/MWjkdF6vQQ/Kein3agLuqcU3 miguelsilva5989@gmail.com\n","startup":"","tablet":true,"tags":"","target_node":"matrix","target_nodes":null,"timeouts":null,"tpm_state":[],"unused_disk":[],"usb":[],"usbs":[],"vcpus":null,"vga":[],"vm_state":"running","vmid":102},"sensitive_attributes":[[{"type":"get_attr","value":"ssh_private_key"}],[{"type":"get_attr","value":"cipassword"}]],"private":"eyJlMmJmYjczMC1lY2FhLTExZTYtOGY4OC0zNDM2M2JjN2M0YzAiOnsiY3JlYXRlIjoxMjAwMDAwMDAwMDAwLCJkZWZhdWx0IjoxMjAwMDAwMDAwMDAwLCJkZWxldGUiOjEyMDAwMDAwMDAwMDAsInJlYWQiOjEyMDAwMDAwMDAwMDAsInVwZGF0ZSI6MTIwMDAwMDAwMDAwMH19"}]},{"mode":"managed","type":"proxmox_vm_qemu","name":"matrix_03","provider":"provider[\"registry.opentofu.org/telmate/proxmox\"]","instances":[{"schema_version":0,"attributes":{"additional_wait":5,"agent":1,"agent_timeout":90,"args":"","automatic_reboot":true,"balloon":0,"bios":"seabios","boot":"c","bootdisk":"","ci_wait":null,"cicustom":null,"cipassword":"","ciupgrade":false,"ciuser":"mike","clone":"ubuntu-server-24-noble","clone_id":null,"clone_wait":10,"cores":2,"cpu":[],"cpu_type":"x86-64-v4","current_node":"matrix","default_ipv4_address":"10.69.5.3","default_ipv6_address":"","define_connection_info":true,"desc":"CICD Ubuntu Server 24","disk":[],"disks":[{"ide":[{"ide0":[{"cdrom":[],"cloudinit":[{"storage":"local-zfs"}],"disk":[],"ignore":false,"passthrough":[]}],"ide1":[],"ide2":[],"ide3":[]}],"sata":[],"scsi":[],"virtio":[{"virtio0":[{"cdrom":[],"disk":[{"asyncio":"","backup":true,"cache":"","discard":false,"format":"raw","id":0,"iops_r_burst":0,"iops_r_burst_length":0,"iops_r_concurrent":0,"iops_wr_burst":0,"iops_wr_burst_length":0,"iops_wr_concurrent":0,"iothread":true,"linked_disk_id":-1,"mbps_r_burst":0,"mbps_r_concurrent":0,"mbps_wr_burst":0,"mbps_wr_concurrent":0,"readonly":false,"replicate":true,"serial":"","size":"80G","storage":"local-zfs","wwn":""}],"ignore":false,"passthrough":[]}],"virtio1":[],"virtio10":[],"virtio11":[],"virtio12":[],"virtio13":[],"virtio14":[],"virtio15":[],"virtio2":[],"virtio3":[],"virtio4":[],"virtio5":[],"virtio6":[],"virtio7":[],"virtio8":[],"virtio9":[]}]}],"efidisk":[],"force_create":false,"force_recreate_on_change_of":null,"full_clone":true,"hagroup":"","hastate":"","hostpci":[],"hotplug":"network,disk,usb","id":"matrix/qemu/103","ipconfig0":"ip=10.69.5.3/16,gw=10.69.0.1","ipconfig1":null,"ipconfig10":null,"ipconfig11":null,"ipconfig12":null,"ipconfig13":null,"ipconfig14":null,"ipconfig15":null,"ipconfig2":null,"ipconfig3":null,"ipconfig4":null,"ipconfig5":null,"ipconfig6":null,"ipconfig7":null,"ipconfig8":null,"ipconfig9":null,"kvm":true,"linked_vmid":0,"machine":"q35","memory":16384,"name":"matrix-03","nameserver":"10.69.0.1","network":[{"bridge":"vmbr0","firewall":false,"id":0,"link_down":false,"macaddr":"bc:24:11:4c:e9:fc","model":"virtio","mtu":0,"queues":0,"rate":0,"tag":0}],"numa":false,"onboot":true,"os_network_config":null,"os_type":"cloud-init","pci":[],"pcis":[],"pool":"","protection":false,"pxe":null,"qemu_os":"other","reboot_required":false,"scsihw":"virtio-scsi-single","searchdomain":"","serial":[],"skip_ipv4":false,"skip_ipv6":false,"smbios":[{"family":"","manufacturer":"","product":"","serial":"","sku":"","uuid":"4c28f7b9-2ee2-4787-80b6-fffcb744c255","version":""}],"sockets":1,"ssh_forward_ip":null,"ssh_host":"10.69.5.3","ssh_port":"22","ssh_private_key":null,"ssh_user":null,"sshkeys":"ssh-ed25519 AAAAC3NzaC1lZDI1NTE5AAAAILLLV9ehqs+sUZlER6k/MWjkdF6vQQ/Kein3agLuqcU3 miguelsilva5989@gmail.com\n","startup":"","tablet":true,"tags":"","target_node":"matrix","target_nodes":null,"timeouts":null,"tpm_state":[],"unused_disk":[],"usb":[],"usbs":[],"vcpus":null,"vga":[],"vm_state":"running","vmid":103},"sensitive_attributes":[[{"type":"get_attr","value":"cipassword"}],[{"type":"get_attr","value":"ssh_private_key"}]],"private":"eyJlMmJmYjczMC1lY2FhLTExZTYtOGY4OC0zNDM2M2JjN2M0YzAiOnsiY3JlYXRlIjoxMjAwMDAwMDAwMDAwLCJkZWZhdWx0IjoxMjAwMDAwMDAwMDAwLCJkZWxldGUiOjEyMDAwMDAwMDAwMDAsInJlYWQiOjEyMDAwMDAwMDAwMDAsInVwZGF0ZSI6MTIwMDAwMDAwMDAwMH19"}]}],"check_results":null}
