{"version":4,"terraform_version":"1.9.1","serial":1,"lineage":"7c05df86-8017-4e2c-cfe1-56ba9b5f96c0","outputs":{},"resources":[{"mode":"managed","type":"proxmox_vm_qemu","name":"architect_01","provider":"provider[\"registry.opentofu.org/telmate/proxmox\"]","instances":[{"schema_version":0,"attributes":{"additional_wait":5,"agent":1,"agent_timeout":90,"args":"","automatic_reboot":true,"balloon":0,"bios":"seabios","boot":"c","bootdisk":"","ci_wait":null,"cicustom":null,"cipassword":"","ciupgrade":false,"ciuser":"mike","clone":"ubuntu-server-24-noble","clone_id":null,"clone_wait":10,"cores":0,"cpu":[{"affinity":"","cores":1,"flags":[],"limit":0,"numa":false,"sockets":1,"type":"host","units":0,"vcores":0}],"cpu_type":"","current_node":"matrix","default_ipv4_address":"","default_ipv6_address":"","define_connection_info":true,"desc":"CICD Ubuntu Server 24","disk":[],"disks":[],"efidisk":[],"force_create":false,"force_recreate_on_change_of":null,"full_clone":true,"hagroup":"","hastate":"","hostpci":[],"hotplug":"network,disk,usb","id":"matrix/qemu/113","ipconfig0":"ip=10.69.5.13/16,gw=10.69.0.1","ipconfig1":null,"ipconfig10":null,"ipconfig11":null,"ipconfig12":null,"ipconfig13":null,"ipconfig14":null,"ipconfig15":null,"ipconfig2":null,"ipconfig3":null,"ipconfig4":null,"ipconfig5":null,"ipconfig6":null,"ipconfig7":null,"ipconfig8":null,"ipconfig9":null,"kvm":true,"linked_vmid":0,"machine":"","memory":512,"name":"architect-03","nameserver":"10.69.0.1","network":[],"numa":false,"onboot":false,"os_network_config":null,"os_type":"cloud-init","pci":[],"pcis":[],"pool":"","protection":false,"pxe":null,"qemu_os":"other","reboot_required":false,"scsihw":"lsi","searchdomain":"","serial":[],"skip_ipv4":false,"skip_ipv6":false,"smbios":[{"family":"","manufacturer":"","product":"","serial":"","sku":"","uuid":"b55a5ac9-ae18-464f-94ea-b2f453c9a91d","version":""}],"sockets":0,"ssh_forward_ip":null,"ssh_host":"","ssh_port":"22","ssh_private_key":null,"ssh_user":null,"sshkeys":"ssh-ed25519 AAAAC3NzaC1lZDI1NTE5AAAAILLLV9ehqs+sUZlER6k/MWjkdF6vQQ/Kein3agLuqcU3 miguelsilva5989@gmail.com\n","startup":"","tablet":true,"tags":"","target_node":"matrix","target_nodes":null,"timeouts":null,"tpm_state":[],"unused_disk":[{"file":"vm-113-disk-0","slot":0,"storage":"local-zfs"}],"usb":[],"usbs":[],"vcpus":0,"vga":[],"vm_state":"running","vmid":113},"sensitive_attributes":[[{"type":"get_attr","value":"cipassword"}],[{"type":"get_attr","value":"ssh_private_key"}]],"private":"eyJlMmJmYjczMC1lY2FhLTExZTYtOGY4OC0zNDM2M2JjN2M0YzAiOnsiY3JlYXRlIjoxMjAwMDAwMDAwMDAwLCJkZWZhdWx0IjoxMjAwMDAwMDAwMDAwLCJkZWxldGUiOjEyMDAwMDAwMDAwMDAsInJlYWQiOjEyMDAwMDAwMDAwMDAsInVwZGF0ZSI6MTIwMDAwMDAwMDAwMH19"}]}],"check_results":null}
